
Microsoft Visual Studio Solution File, Format Version 12.00
# Visual Studio 15
VisualStudioVersion = 15.0.27428.2027
MinimumVisualStudioVersion = 10.0.40219.1
Project("{FAE04EC0-301F-11D3-BF4B-00C04F79EFBC}") = "DomainLib", "DomainLib\DomainLib.csproj", "{E1FC5827-6053-4EE5-8476-DC3744F20DFF}"
EndProject
Project("{FAE04EC0-301F-11D3-BF4B-00C04F79EFBC}") = "AccountMO", "AccountMO\AccountMO.csproj", "{9A1C7133-DB68-4429-AF14-3E97CA3EC2DC}"
EndProject
Global
	GlobalSection(SolutionConfigurationPlatforms) = preSolution
		Debug|Any CPU = Debug|Any CPU
		Release|Any CPU = Release|Any CPU
	EndGlobalSection
	GlobalSection(ProjectConfigurationPlatforms) = postSolution
		{E1FC5827-6053-4EE5-8476-DC3744F20DFF}.Debug|Any CPU.ActiveCfg = Debug|Any CPU
		{E1FC5827-6053-4EE5-8476-DC3744F20DFF}.Debug|Any CPU.Build.0 = Debug|Any CPU
		{E1FC5827-6053-4EE5-8476-DC3744F20DFF}.Release|Any CPU.ActiveCfg = Release|Any CPU
		{E1FC5827-6053-4EE5-8476-DC3744F20DFF}.Release|Any CPU.Build.0 = Release|Any CPU
		{9A1C7133-DB68-4429-AF14-3E97CA3EC2DC}.Debug|Any CPU.ActiveCfg = Debug|Any CPU
		{9A1C7133-DB68-4429-AF14-3E97CA3EC2DC}.Debug|Any CPU.Build.0 = Debug|Any CPU
		{9A1C7133-DB68-4429-AF14-3E97CA3EC2DC}.Release|Any CPU.ActiveCfg = Release|Any CPU
		{9A1C7133-DB68-4429-AF14-3E97CA3EC2DC}.Release|Any CPU.Build.0 = Release|Any CPU
	EndGlobalSection
	GlobalSection(SolutionProperties) = preSolution
		HideSolutionNode = FALSE
	EndGlobalSection
	GlobalSection(ExtensibilityGlobals) = postSolution
		SolutionGuid = {E4CEC851-7629-4F12-9197-E3B0F46B5A04}
	EndGlobalSection
EndGlobal
